
Microsoft Visual Studio Solution File, Format Version 12.00
# Visual Studio Version 17
VisualStudioVersion = 17.1.32421.90
MinimumVisualStudioVersion = 10.0.40219.1
Project("{9A19103F-16F7-4668-BE54-9A1E7A4F7556}") = "Health Check - View", "Health Check - View\Health Check - View.csproj", "{17EABE9F-5831-4660-8DFB-0CAAB618E994}"
EndProject
Project("{9A19103F-16F7-4668-BE54-9A1E7A4F7556}") = "Health Check - ILogic", "Health Check - ILogic\Health Check - ILogic.csproj", "{D5D07C90-D6EA-4FDF-86F4-2945B9010F2C}"
EndProject
Project("{9A19103F-16F7-4668-BE54-9A1E7A4F7556}") = "Health Check - IData", "Health Check - IData\Health Check - IData.csproj", "{50734A78-0484-4A01-B00F-6EC429AD863F}"
EndProject
Project("{9A19103F-16F7-4668-BE54-9A1E7A4F7556}") = "Health Check - Factory", "Health Check - Factory\Health Check - Factory.csproj", "{93CD958F-0FE2-48A4-8EBC-9DF41E4854B4}"
EndProject
Project("{9A19103F-16F7-4668-BE54-9A1E7A4F7556}") = "Health Check - Logic", "Health Check - Logic\Health Check - Logic.csproj", "{2AFB0826-4C8E-4775-81AE-74BCA573C2A8}"
EndProject
Project("{9A19103F-16F7-4668-BE54-9A1E7A4F7556}") = "Health Check - Data", "Health Check - Data\Health Check - Data.csproj", "{17D424D1-5C7F-4F12-B05B-956DDFDF29C2}"
	ProjectSection(ProjectDependencies) = postProject
		{50734A78-0484-4A01-B00F-6EC429AD863F} = {50734A78-0484-4A01-B00F-6EC429AD863F}
		{93CD958F-0FE2-48A4-8EBC-9DF41E4854B4} = {93CD958F-0FE2-48A4-8EBC-9DF41E4854B4}
		{A28AE0AA-46BD-49A2-BC22-4BB3AD469AC4} = {A28AE0AA-46BD-49A2-BC22-4BB3AD469AC4}
	EndProjectSection
EndProject
Project("{9A19103F-16F7-4668-BE54-9A1E7A4F7556}") = "Health Check - Domain", "Health Check - Domain\Health Check - Domain.csproj", "{A28AE0AA-46BD-49A2-BC22-4BB3AD469AC4}"
EndProject
Global
	GlobalSection(SolutionConfigurationPlatforms) = preSolution
		Debug|Any CPU = Debug|Any CPU
		Release|Any CPU = Release|Any CPU
	EndGlobalSection
	GlobalSection(ProjectConfigurationPlatforms) = postSolution
		{17EABE9F-5831-4660-8DFB-0CAAB618E994}.Debug|Any CPU.ActiveCfg = Debug|Any CPU
		{17EABE9F-5831-4660-8DFB-0CAAB618E994}.Debug|Any CPU.Build.0 = Debug|Any CPU
		{17EABE9F-5831-4660-8DFB-0CAAB618E994}.Release|Any CPU.ActiveCfg = Release|Any CPU
		{17EABE9F-5831-4660-8DFB-0CAAB618E994}.Release|Any CPU.Build.0 = Release|Any CPU
		{D5D07C90-D6EA-4FDF-86F4-2945B9010F2C}.Debug|Any CPU.ActiveCfg = Debug|Any CPU
		{D5D07C90-D6EA-4FDF-86F4-2945B9010F2C}.Debug|Any CPU.Build.0 = Debug|Any CPU
		{D5D07C90-D6EA-4FDF-86F4-2945B9010F2C}.Release|Any CPU.ActiveCfg = Release|Any CPU
		{D5D07C90-D6EA-4FDF-86F4-2945B9010F2C}.Release|Any CPU.Build.0 = Release|Any CPU
		{50734A78-0484-4A01-B00F-6EC429AD863F}.Debug|Any CPU.ActiveCfg = Debug|Any CPU
		{50734A78-0484-4A01-B00F-6EC429AD863F}.Debug|Any CPU.Build.0 = Debug|Any CPU
		{50734A78-0484-4A01-B00F-6EC429AD863F}.Release|Any CPU.ActiveCfg = Release|Any CPU
		{50734A78-0484-4A01-B00F-6EC429AD863F}.Release|Any CPU.Build.0 = Release|Any CPU
		{93CD958F-0FE2-48A4-8EBC-9DF41E4854B4}.Debug|Any CPU.ActiveCfg = Debug|Any CPU
		{93CD958F-0FE2-48A4-8EBC-9DF41E4854B4}.Debug|Any CPU.Build.0 = Debug|Any CPU
		{93CD958F-0FE2-48A4-8EBC-9DF41E4854B4}.Release|Any CPU.ActiveCfg = Release|Any CPU
		{93CD958F-0FE2-48A4-8EBC-9DF41E4854B4}.Release|Any CPU.Build.0 = Release|Any CPU
		{2AFB0826-4C8E-4775-81AE-74BCA573C2A8}.Debug|Any CPU.ActiveCfg = Debug|Any CPU
		{2AFB0826-4C8E-4775-81AE-74BCA573C2A8}.Debug|Any CPU.Build.0 = Debug|Any CPU
		{2AFB0826-4C8E-4775-81AE-74BCA573C2A8}.Release|Any CPU.ActiveCfg = Release|Any CPU
		{2AFB0826-4C8E-4775-81AE-74BCA573C2A8}.Release|Any CPU.Build.0 = Release|Any CPU
		{17D424D1-5C7F-4F12-B05B-956DDFDF29C2}.Debug|Any CPU.ActiveCfg = Debug|Any CPU
		{17D424D1-5C7F-4F12-B05B-956DDFDF29C2}.Debug|Any CPU.Build.0 = Debug|Any CPU
		{17D424D1-5C7F-4F12-B05B-956DDFDF29C2}.Release|Any CPU.ActiveCfg = Release|Any CPU
		{17D424D1-5C7F-4F12-B05B-956DDFDF29C2}.Release|Any CPU.Build.0 = Release|Any CPU
		{A28AE0AA-46BD-49A2-BC22-4BB3AD469AC4}.Debug|Any CPU.ActiveCfg = Debug|Any CPU
		{A28AE0AA-46BD-49A2-BC22-4BB3AD469AC4}.Debug|Any CPU.Build.0 = Debug|Any CPU
		{A28AE0AA-46BD-49A2-BC22-4BB3AD469AC4}.Release|Any CPU.ActiveCfg = Release|Any CPU
		{A28AE0AA-46BD-49A2-BC22-4BB3AD469AC4}.Release|Any CPU.Build.0 = Release|Any CPU
	EndGlobalSection
	GlobalSection(SolutionProperties) = preSolution
		HideSolutionNode = FALSE
	EndGlobalSection
	GlobalSection(ExtensibilityGlobals) = postSolution
		SolutionGuid = {834A9E97-AE0B-456E-B3BF-C880C4E64555}
	EndGlobalSection
EndGlobal
